// !$*UTF8*$!
{
	archiveVersion = 1;
	classes = {
	};
	objectVersion = 56;
	objects = {

/* Begin PBXBuildFile section */
		7B3229E02AAB73930036BB8B /* TimerViewModel.swift in Sources */ = {isa = PBXBuildFile; fileRef = 7B3229DF2AAB73930036BB8B /* TimerViewModel.swift */; };
		7B3229E32AAB795A0036BB8B /* CountdownTimerText.swift in Sources */ = {isa = PBXBuildFile; fileRef = 7B3229E22AAB795A0036BB8B /* CountdownTimerText.swift */; };
		7B3229E52AAB7AB50036BB8B /* MinutePickerView.swift in Sources */ = {isa = PBXBuildFile; fileRef = 7B3229E42AAB7AB50036BB8B /* MinutePickerView.swift */; };
		7B3229E72AAB7B5F0036BB8B /* SecondPickerView.swift in Sources */ = {isa = PBXBuildFile; fileRef = 7B3229E62AAB7B5F0036BB8B /* SecondPickerView.swift */; };
		7B481B8D2AA8ABD80070D24E /* RubikMonoOne-Regular.ttf in Resources */ = {isa = PBXBuildFile; fileRef = 7B481B8C2AA8AB5E0070D24E /* RubikMonoOne-Regular.ttf */; };
		7B481B902AA8AE5E0070D24E /* Monoton-Regular.ttf in Resources */ = {isa = PBXBuildFile; fileRef = 7B481B8F2AA8AE5E0070D24E /* Monoton-Regular.ttf */; };
		7B481B912AA8AE600070D24E /* ToonyLine.otf in Resources */ = {isa = PBXBuildFile; fileRef = 7B481B8A2AA8AA0E0070D24E /* ToonyLine.otf */; };
		7B481B932AA8AF640070D24E /* CloseAlarmViewModel.swift in Sources */ = {isa = PBXBuildFile; fileRef = 7B481B922AA8AF640070D24E /* CloseAlarmViewModel.swift */; };
		7B481B952AA8C1230070D24E /* AlarmTableViewCell.swift in Sources */ = {isa = PBXBuildFile; fileRef = 7B481B942AA8C1230070D24E /* AlarmTableViewCell.swift */; };
		7B5857A12AAA771A00CE1EC7 /* AlarmListBackgroundView.swift in Sources */ = {isa = PBXBuildFile; fileRef = 7B5857A02AAA771A00CE1EC7 /* AlarmListBackgroundView.swift */; };
		7B75A2752A9F9DF500CFD689 /* task2_appApp.swift in Sources */ = {isa = PBXBuildFile; fileRef = 7B75A2742A9F9DF500CFD689 /* task2_appApp.swift */; };
		7B75A2772A9F9DF500CFD689 /* AlarmView.swift in Sources */ = {isa = PBXBuildFile; fileRef = 7B75A2762A9F9DF500CFD689 /* AlarmView.swift */; };
		7B75A2792A9F9DF700CFD689 /* Assets.xcassets in Resources */ = {isa = PBXBuildFile; fileRef = 7B75A2782A9F9DF700CFD689 /* Assets.xcassets */; };
		7B75A27C2A9F9DF700CFD689 /* Preview Assets.xcassets in Resources */ = {isa = PBXBuildFile; fileRef = 7B75A27B2A9F9DF700CFD689 /* Preview Assets.xcassets */; };
		7B75A2832A9F9E9900CFD689 /* LocalNotificationsManager.swift in Sources */ = {isa = PBXBuildFile; fileRef = 7B75A2822A9F9E9900CFD689 /* LocalNotificationsManager.swift */; };
		7B75A2852A9F9EBC00CFD689 /* NextView.swift in Sources */ = {isa = PBXBuildFile; fileRef = 7B75A2842A9F9EBC00CFD689 /* NextView.swift */; };
		7B75A2872A9F9ED500CFD689 /* CloseAlarmView.swift in Sources */ = {isa = PBXBuildFile; fileRef = 7B75A2862A9F9ED500CFD689 /* CloseAlarmView.swift */; };
		7B75A28C2A9F9F1900CFD689 /* LocalNotificationModel.swift in Sources */ = {isa = PBXBuildFile; fileRef = 7B75A28B2A9F9F1900CFD689 /* LocalNotificationModel.swift */; };
		7B75A28F2A9FB7EF00CFD689 /* LaunchScreen.storyboard in Resources */ = {isa = PBXBuildFile; fileRef = 7B75A28E2A9FB7EF00CFD689 /* LaunchScreen.storyboard */; };
		7B75A2992AA22FA900CFD689 /* AlarmViewModel.swift in Sources */ = {isa = PBXBuildFile; fileRef = 7B75A2982AA22FA900CFD689 /* AlarmViewModel.swift */; };
		7B75A29C2AA2305500CFD689 /* Constants.swift in Sources */ = {isa = PBXBuildFile; fileRef = 7B75A29B2AA2305500CFD689 /* Constants.swift */; };
		7B75A2A32AA235AF00CFD689 /* alarmSound.aiff in Resources */ = {isa = PBXBuildFile; fileRef = 7B75A2A22AA235AF00CFD689 /* alarmSound.aiff */; };
		7B75A2A52AA23E6C00CFD689 /* DatePickerView.swift in Sources */ = {isa = PBXBuildFile; fileRef = 7B75A2A42AA23E6C00CFD689 /* DatePickerView.swift */; };
		7B75A2A82AA23FF700CFD689 /* SetAlarmButton.swift in Sources */ = {isa = PBXBuildFile; fileRef = 7B75A2A72AA23FF700CFD689 /* SetAlarmButton.swift */; };
		7B75A2AA2AA240A100CFD689 /* AlarmSetText.swift in Sources */ = {isa = PBXBuildFile; fileRef = 7B75A2A92AA240A100CFD689 /* AlarmSetText.swift */; };
		7B75A2AD2AA2463F00CFD689 /* ContentView.swift in Sources */ = {isa = PBXBuildFile; fileRef = 7B75A2AC2AA2463F00CFD689 /* ContentView.swift */; };
		7B75A2B12AA2472D00CFD689 /* TimerView.swift in Sources */ = {isa = PBXBuildFile; fileRef = 7B75A2B02AA2472D00CFD689 /* TimerView.swift */; };
		7B921F702AB3597E00D8E4A2 /* CloseCountdownTimerView.swift in Sources */ = {isa = PBXBuildFile; fileRef = 7B921F6F2AB3597E00D8E4A2 /* CloseCountdownTimerView.swift */; };
		7BF990DA2AAB7D1C00F840DD /* PlayPauseButtonView.swift in Sources */ = {isa = PBXBuildFile; fileRef = 7BF990D92AAB7D1C00F840DD /* PlayPauseButtonView.swift */; };
		7BF990DE2AAB7DDF00F840DD /* SetResetButtonView.swift in Sources */ = {isa = PBXBuildFile; fileRef = 7BF990DD2AAB7DDF00F840DD /* SetResetButtonView.swift */; };
/* End PBXBuildFile section */

/* Begin PBXFileReference section */
		7B3229DF2AAB73930036BB8B /* TimerViewModel.swift */ = {isa = PBXFileReference; lastKnownFileType = sourcecode.swift; path = TimerViewModel.swift; sourceTree = "<group>"; };
		7B3229E22AAB795A0036BB8B /* CountdownTimerText.swift */ = {isa = PBXFileReference; lastKnownFileType = sourcecode.swift; path = CountdownTimerText.swift; sourceTree = "<group>"; };
		7B3229E42AAB7AB50036BB8B /* MinutePickerView.swift */ = {isa = PBXFileReference; lastKnownFileType = sourcecode.swift; path = MinutePickerView.swift; sourceTree = "<group>"; };
		7B3229E62AAB7B5F0036BB8B /* SecondPickerView.swift */ = {isa = PBXFileReference; lastKnownFileType = sourcecode.swift; path = SecondPickerView.swift; sourceTree = "<group>"; };
		7B481B8A2AA8AA0E0070D24E /* ToonyLine.otf */ = {isa = PBXFileReference; lastKnownFileType = file; path = ToonyLine.otf; sourceTree = "<group>"; };
		7B481B8C2AA8AB5E0070D24E /* RubikMonoOne-Regular.ttf */ = {isa = PBXFileReference; lastKnownFileType = file; path = "RubikMonoOne-Regular.ttf"; sourceTree = "<group>"; };
		7B481B8E2AA8ACBD0070D24E /* task2-app-Info.plist */ = {isa = PBXFileReference; lastKnownFileType = text.plist; path = "task2-app-Info.plist"; sourceTree = SOURCE_ROOT; };
		7B481B8F2AA8AE5E0070D24E /* Monoton-Regular.ttf */ = {isa = PBXFileReference; lastKnownFileType = file; path = "Monoton-Regular.ttf"; sourceTree = "<group>"; };
		7B481B922AA8AF640070D24E /* CloseAlarmViewModel.swift */ = {isa = PBXFileReference; lastKnownFileType = sourcecode.swift; path = CloseAlarmViewModel.swift; sourceTree = "<group>"; };
		7B481B942AA8C1230070D24E /* AlarmTableViewCell.swift */ = {isa = PBXFileReference; lastKnownFileType = sourcecode.swift; path = AlarmTableViewCell.swift; sourceTree = "<group>"; };
		7B5857A02AAA771A00CE1EC7 /* AlarmListBackgroundView.swift */ = {isa = PBXFileReference; lastKnownFileType = sourcecode.swift; path = AlarmListBackgroundView.swift; sourceTree = "<group>"; };
		7B75A2712A9F9DF500CFD689 /* task2_app.app */ = {isa = PBXFileReference; explicitFileType = wrapper.application; includeInIndex = 0; path = task2_app.app; sourceTree = BUILT_PRODUCTS_DIR; };
		7B75A2742A9F9DF500CFD689 /* task2_appApp.swift */ = {isa = PBXFileReference; lastKnownFileType = sourcecode.swift; path = task2_appApp.swift; sourceTree = "<group>"; };
		7B75A2762A9F9DF500CFD689 /* AlarmView.swift */ = {isa = PBXFileReference; lastKnownFileType = sourcecode.swift; path = AlarmView.swift; sourceTree = "<group>"; };
		7B75A2782A9F9DF700CFD689 /* Assets.xcassets */ = {isa = PBXFileReference; lastKnownFileType = folder.assetcatalog; path = Assets.xcassets; sourceTree = "<group>"; };
		7B75A27B2A9F9DF700CFD689 /* Preview Assets.xcassets */ = {isa = PBXFileReference; lastKnownFileType = folder.assetcatalog; path = "Preview Assets.xcassets"; sourceTree = "<group>"; };
		7B75A2822A9F9E9900CFD689 /* LocalNotificationsManager.swift */ = {isa = PBXFileReference; lastKnownFileType = sourcecode.swift; path = LocalNotificationsManager.swift; sourceTree = "<group>"; };
		7B75A2842A9F9EBC00CFD689 /* NextView.swift */ = {isa = PBXFileReference; lastKnownFileType = sourcecode.swift; path = NextView.swift; sourceTree = "<group>"; };
		7B75A2862A9F9ED500CFD689 /* CloseAlarmView.swift */ = {isa = PBXFileReference; lastKnownFileType = sourcecode.swift; path = CloseAlarmView.swift; sourceTree = "<group>"; };
		7B75A28B2A9F9F1900CFD689 /* LocalNotificationModel.swift */ = {isa = PBXFileReference; lastKnownFileType = sourcecode.swift; path = LocalNotificationModel.swift; sourceTree = "<group>"; };
		7B75A28E2A9FB7EF00CFD689 /* LaunchScreen.storyboard */ = {isa = PBXFileReference; lastKnownFileType = file.storyboard; path = LaunchScreen.storyboard; sourceTree = "<group>"; };
		7B75A2982AA22FA900CFD689 /* AlarmViewModel.swift */ = {isa = PBXFileReference; lastKnownFileType = sourcecode.swift; path = AlarmViewModel.swift; sourceTree = "<group>"; };
		7B75A29B2AA2305500CFD689 /* Constants.swift */ = {isa = PBXFileReference; lastKnownFileType = sourcecode.swift; path = Constants.swift; sourceTree = "<group>"; };
		7B75A2A22AA235AF00CFD689 /* alarmSound.aiff */ = {isa = PBXFileReference; lastKnownFileType = audio.aiff; path = alarmSound.aiff; sourceTree = "<group>"; };
		7B75A2A42AA23E6C00CFD689 /* DatePickerView.swift */ = {isa = PBXFileReference; lastKnownFileType = sourcecode.swift; path = DatePickerView.swift; sourceTree = "<group>"; };
		7B75A2A72AA23FF700CFD689 /* SetAlarmButton.swift */ = {isa = PBXFileReference; lastKnownFileType = sourcecode.swift; path = SetAlarmButton.swift; sourceTree = "<group>"; };
		7B75A2A92AA240A100CFD689 /* AlarmSetText.swift */ = {isa = PBXFileReference; lastKnownFileType = sourcecode.swift; path = AlarmSetText.swift; sourceTree = "<group>"; };
		7B75A2AC2AA2463F00CFD689 /* ContentView.swift */ = {isa = PBXFileReference; lastKnownFileType = sourcecode.swift; path = ContentView.swift; sourceTree = "<group>"; };
		7B75A2B02AA2472D00CFD689 /* TimerView.swift */ = {isa = PBXFileReference; lastKnownFileType = sourcecode.swift; path = TimerView.swift; sourceTree = "<group>"; };
		7B921F6F2AB3597E00D8E4A2 /* CloseCountdownTimerView.swift */ = {isa = PBXFileReference; lastKnownFileType = sourcecode.swift; path = CloseCountdownTimerView.swift; sourceTree = "<group>"; };
		7BF990D92AAB7D1C00F840DD /* PlayPauseButtonView.swift */ = {isa = PBXFileReference; lastKnownFileType = sourcecode.swift; path = PlayPauseButtonView.swift; sourceTree = "<group>"; };
		7BF990DD2AAB7DDF00F840DD /* SetResetButtonView.swift */ = {isa = PBXFileReference; lastKnownFileType = sourcecode.swift; path = SetResetButtonView.swift; sourceTree = "<group>"; };
/* End PBXFileReference section */

/* Begin PBXFrameworksBuildPhase section */
		7B75A26E2A9F9DF500CFD689 /* Frameworks */ = {
			isa = PBXFrameworksBuildPhase;
			buildActionMask = 2147483647;
			files = (
			);
			runOnlyForDeploymentPostprocessing = 0;
		};
/* End PBXFrameworksBuildPhase section */

/* Begin PBXGroup section */
		7B3229E12AAB79440036BB8B /* Components */ = {
			isa = PBXGroup;
			children = (
				7B3229E22AAB795A0036BB8B /* CountdownTimerText.swift */,
				7B3229E42AAB7AB50036BB8B /* MinutePickerView.swift */,
				7B3229E62AAB7B5F0036BB8B /* SecondPickerView.swift */,
				7BF990D92AAB7D1C00F840DD /* PlayPauseButtonView.swift */,
				7BF990DD2AAB7DDF00F840DD /* SetResetButtonView.swift */,
				7B921F6F2AB3597E00D8E4A2 /* CloseCountdownTimerView.swift */,
			);
			path = Components;
			sourceTree = "<group>";
		};
		7B481B8B2AA8AA110070D24E /* Fonts */ = {
			isa = PBXGroup;
			children = (
				7B481B8C2AA8AB5E0070D24E /* RubikMonoOne-Regular.ttf */,
				7B481B8A2AA8AA0E0070D24E /* ToonyLine.otf */,
				7B481B8F2AA8AE5E0070D24E /* Monoton-Regular.ttf */,
			);
			path = Fonts;
			sourceTree = "<group>";
		};
		7B75A2682A9F9DF500CFD689 = {
			isa = PBXGroup;
			children = (
				7B75A2732A9F9DF500CFD689 /* task2_app */,
				7B75A2722A9F9DF500CFD689 /* Products */,
			);
			sourceTree = "<group>";
		};
		7B75A2722A9F9DF500CFD689 /* Products */ = {
			isa = PBXGroup;
			children = (
				7B75A2712A9F9DF500CFD689 /* task2_app.app */,
			);
			name = Products;
			sourceTree = "<group>";
		};
		7B75A2732A9F9DF500CFD689 /* task2_app */ = {
			isa = PBXGroup;
			children = (
				7B481B8E2AA8ACBD0070D24E /* task2-app-Info.plist */,
				7B75A29A2AA2304D00CFD689 /* Helper */,
				7B75A2972AA22F8400CFD689 /* Launcher */,
				7B75A2962AA22F7300CFD689 /* Manager */,
				7B75A2942AA22F5500CFD689 /* Model */,
				7B75A2932AA22F5200CFD689 /* ViewModel */,
				7B75A2922AA22F4D00CFD689 /* View */,
				7B75A2782A9F9DF700CFD689 /* Assets.xcassets */,
				7B481B8B2AA8AA110070D24E /* Fonts */,
				7B75A2882A9F9EEF00CFD689 /* Sound */,
				7B75A27A2A9F9DF700CFD689 /* Preview Content */,
			);
			path = task2_app;
			sourceTree = "<group>";
		};
		7B75A27A2A9F9DF700CFD689 /* Preview Content */ = {
			isa = PBXGroup;
			children = (
				7B75A27B2A9F9DF700CFD689 /* Preview Assets.xcassets */,
			);
			path = "Preview Content";
			sourceTree = "<group>";
		};
		7B75A2882A9F9EEF00CFD689 /* Sound */ = {
			isa = PBXGroup;
			children = (
				7B75A2A22AA235AF00CFD689 /* alarmSound.aiff */,
			);
			path = Sound;
			sourceTree = "<group>";
		};
		7B75A2922AA22F4D00CFD689 /* View */ = {
			isa = PBXGroup;
			children = (
				7B75A2AF2AA2472100CFD689 /* TimerView */,
				7B75A2AE2AA246F800CFD689 /* AlarmView */,
			);
			path = View;
			sourceTree = "<group>";
		};
		7B75A2932AA22F5200CFD689 /* ViewModel */ = {
			isa = PBXGroup;
			children = (
				7B75A2982AA22FA900CFD689 /* AlarmViewModel.swift */,
				7B481B922AA8AF640070D24E /* CloseAlarmViewModel.swift */,
				7B3229DF2AAB73930036BB8B /* TimerViewModel.swift */,
			);
			path = ViewModel;
			sourceTree = "<group>";
		};
		7B75A2942AA22F5500CFD689 /* Model */ = {
			isa = PBXGroup;
			children = (
				7B75A28B2A9F9F1900CFD689 /* LocalNotificationModel.swift */,
			);
			path = Model;
			sourceTree = "<group>";
		};
		7B75A2952AA22F6100CFD689 /* Components */ = {
			isa = PBXGroup;
			children = (
				7B75A2A42AA23E6C00CFD689 /* DatePickerView.swift */,
				7B75A2A72AA23FF700CFD689 /* SetAlarmButton.swift */,
				7B75A2A92AA240A100CFD689 /* AlarmSetText.swift */,
				7B5857A02AAA771A00CE1EC7 /* AlarmListBackgroundView.swift */,
				7B481B942AA8C1230070D24E /* AlarmTableViewCell.swift */,
			);
			path = Components;
			sourceTree = "<group>";
		};
		7B75A2962AA22F7300CFD689 /* Manager */ = {
			isa = PBXGroup;
			children = (
				7B75A2822A9F9E9900CFD689 /* LocalNotificationsManager.swift */,
			);
			path = Manager;
			sourceTree = "<group>";
		};
		7B75A2972AA22F8400CFD689 /* Launcher */ = {
			isa = PBXGroup;
			children = (
				7B75A2742A9F9DF500CFD689 /* task2_appApp.swift */,
				7B75A28E2A9FB7EF00CFD689 /* LaunchScreen.storyboard */,
				7B75A2AC2AA2463F00CFD689 /* ContentView.swift */,
			);
			path = Launcher;
			sourceTree = "<group>";
		};
		7B75A29A2AA2304D00CFD689 /* Helper */ = {
			isa = PBXGroup;
			children = (
				7B75A29B2AA2305500CFD689 /* Constants.swift */,
			);
			path = Helper;
			sourceTree = "<group>";
		};
		7B75A2AE2AA246F800CFD689 /* AlarmView */ = {
			isa = PBXGroup;
			children = (
				7B75A2842A9F9EBC00CFD689 /* NextView.swift */,
				7B75A2762A9F9DF500CFD689 /* AlarmView.swift */,
				7B75A2862A9F9ED500CFD689 /* CloseAlarmView.swift */,
				7B75A2952AA22F6100CFD689 /* Components */,
			);
			path = AlarmView;
			sourceTree = "<group>";
		};
		7B75A2AF2AA2472100CFD689 /* TimerView */ = {
			isa = PBXGroup;
			children = (
				7B75A2B02AA2472D00CFD689 /* TimerView.swift */,
				7B3229E12AAB79440036BB8B /* Components */,
			);
			path = TimerView;
			sourceTree = "<group>";
		};
/* End PBXGroup section */

/* Begin PBXNativeTarget section */
		7B75A2702A9F9DF500CFD689 /* task2_app */ = {
			isa = PBXNativeTarget;
			buildConfigurationList = 7B75A27F2A9F9DF700CFD689 /* Build configuration list for PBXNativeTarget "task2_app" */;
			buildPhases = (
				7B75A26D2A9F9DF500CFD689 /* Sources */,
				7B75A26E2A9F9DF500CFD689 /* Frameworks */,
				7B75A26F2A9F9DF500CFD689 /* Resources */,
			);
			buildRules = (
			);
			dependencies = (
			);
			name = task2_app;
			productName = task2_app;
			productReference = 7B75A2712A9F9DF500CFD689 /* task2_app.app */;
			productType = "com.apple.product-type.application";
		};
/* End PBXNativeTarget section */

/* Begin PBXProject section */
		7B75A2692A9F9DF500CFD689 /* Project object */ = {
			isa = PBXProject;
			attributes = {
				BuildIndependentTargetsInParallel = 1;
				LastSwiftUpdateCheck = 1400;
				LastUpgradeCheck = 1400;
				TargetAttributes = {
					7B75A2702A9F9DF500CFD689 = {
						CreatedOnToolsVersion = 14.0;
					};
				};
			};
			buildConfigurationList = 7B75A26C2A9F9DF500CFD689 /* Build configuration list for PBXProject "task2_app" */;
			compatibilityVersion = "Xcode 14.0";
			developmentRegion = en;
			hasScannedForEncodings = 0;
			knownRegions = (
				en,
				Base,
			);
			mainGroup = 7B75A2682A9F9DF500CFD689;
			productRefGroup = 7B75A2722A9F9DF500CFD689 /* Products */;
			projectDirPath = "";
			projectRoot = "";
			targets = (
				7B75A2702A9F9DF500CFD689 /* task2_app */,
			);
		};
/* End PBXProject section */

/* Begin PBXResourcesBuildPhase section */
		7B75A26F2A9F9DF500CFD689 /* Resources */ = {
			isa = PBXResourcesBuildPhase;
			buildActionMask = 2147483647;
			files = (
				7B481B902AA8AE5E0070D24E /* Monoton-Regular.ttf in Resources */,
				7B481B8D2AA8ABD80070D24E /* RubikMonoOne-Regular.ttf in Resources */,
				7B75A27C2A9F9DF700CFD689 /* Preview Assets.xcassets in Resources */,
				7B75A2A32AA235AF00CFD689 /* alarmSound.aiff in Resources */,
				7B75A28F2A9FB7EF00CFD689 /* LaunchScreen.storyboard in Resources */,
				7B481B912AA8AE600070D24E /* ToonyLine.otf in Resources */,
				7B75A2792A9F9DF700CFD689 /* Assets.xcassets in Resources */,
			);
			runOnlyForDeploymentPostprocessing = 0;
		};
/* End PBXResourcesBuildPhase section */

/* Begin PBXSourcesBuildPhase section */
		7B75A26D2A9F9DF500CFD689 /* Sources */ = {
			isa = PBXSourcesBuildPhase;
			buildActionMask = 2147483647;
			files = (
				7B75A2992AA22FA900CFD689 /* AlarmViewModel.swift in Sources */,
				7B75A2772A9F9DF500CFD689 /* AlarmView.swift in Sources */,
				7B3229E52AAB7AB50036BB8B /* MinutePickerView.swift in Sources */,
				7B921F702AB3597E00D8E4A2 /* CloseCountdownTimerView.swift in Sources */,
				7B75A2AD2AA2463F00CFD689 /* ContentView.swift in Sources */,
				7B75A2832A9F9E9900CFD689 /* LocalNotificationsManager.swift in Sources */,
				7BF990DE2AAB7DDF00F840DD /* SetResetButtonView.swift in Sources */,
				7B75A2AA2AA240A100CFD689 /* AlarmSetText.swift in Sources */,
				7B481B952AA8C1230070D24E /* AlarmTableViewCell.swift in Sources */,
				7B75A2B12AA2472D00CFD689 /* TimerView.swift in Sources */,
				7B75A2A52AA23E6C00CFD689 /* DatePickerView.swift in Sources */,
				7B75A2872A9F9ED500CFD689 /* CloseAlarmView.swift in Sources */,
				7B3229E72AAB7B5F0036BB8B /* SecondPickerView.swift in Sources */,
				7B75A2752A9F9DF500CFD689 /* task2_appApp.swift in Sources */,
				7B75A28C2A9F9F1900CFD689 /* LocalNotificationModel.swift in Sources */,
				7B75A2852A9F9EBC00CFD689 /* NextView.swift in Sources */,
				7B3229E32AAB795A0036BB8B /* CountdownTimerText.swift in Sources */,
				7BF990DA2AAB7D1C00F840DD /* PlayPauseButtonView.swift in Sources */,
				7B3229E02AAB73930036BB8B /* TimerViewModel.swift in Sources */,
				7B5857A12AAA771A00CE1EC7 /* AlarmListBackgroundView.swift in Sources */,
				7B481B932AA8AF640070D24E /* CloseAlarmViewModel.swift in Sources */,
				7B75A2A82AA23FF700CFD689 /* SetAlarmButton.swift in Sources */,
				7B75A29C2AA2305500CFD689 /* Constants.swift in Sources */,
			);
			runOnlyForDeploymentPostprocessing = 0;
		};
/* End PBXSourcesBuildPhase section */

/* Begin XCBuildConfiguration section */
		7B75A27D2A9F9DF700CFD689 /* Debug */ = {
			isa = XCBuildConfiguration;
			buildSettings = {
				ALWAYS_SEARCH_USER_PATHS = NO;
				CLANG_ANALYZER_NONNULL = YES;
				CLANG_ANALYZER_NUMBER_OBJECT_CONVERSION = YES_AGGRESSIVE;
				CLANG_CXX_LANGUAGE_STANDARD = "gnu++20";
				CLANG_ENABLE_MODULES = YES;
				CLANG_ENABLE_OBJC_ARC = YES;
				CLANG_ENABLE_OBJC_WEAK = YES;
				CLANG_WARN_BLOCK_CAPTURE_AUTORELEASING = YES;
				CLANG_WARN_BOOL_CONVERSION = YES;
				CLANG_WARN_COMMA = YES;
				CLANG_WARN_CONSTANT_CONVERSION = YES;
				CLANG_WARN_DEPRECATED_OBJC_IMPLEMENTATIONS = YES;
				CLANG_WARN_DIRECT_OBJC_ISA_USAGE = YES_ERROR;
				CLANG_WARN_DOCUMENTATION_COMMENTS = YES;
				CLANG_WARN_EMPTY_BODY = YES;
				CLANG_WARN_ENUM_CONVERSION = YES;
				CLANG_WARN_INFINITE_RECURSION = YES;
				CLANG_WARN_INT_CONVERSION = YES;
				CLANG_WARN_NON_LITERAL_NULL_CONVERSION = YES;
				CLANG_WARN_OBJC_IMPLICIT_RETAIN_SELF = YES;
				CLANG_WARN_OBJC_LITERAL_CONVERSION = YES;
				CLANG_WARN_OBJC_ROOT_CLASS = YES_ERROR;
				CLANG_WARN_QUOTED_INCLUDE_IN_FRAMEWORK_HEADER = YES;
				CLANG_WARN_RANGE_LOOP_ANALYSIS = YES;
				CLANG_WARN_STRICT_PROTOTYPES = YES;
				CLANG_WARN_SUSPICIOUS_MOVE = YES;
				CLANG_WARN_UNGUARDED_AVAILABILITY = YES_AGGRESSIVE;
				CLANG_WARN_UNREACHABLE_CODE = YES;
				CLANG_WARN__DUPLICATE_METHOD_MATCH = YES;
				COPY_PHASE_STRIP = NO;
				DEBUG_INFORMATION_FORMAT = dwarf;
				ENABLE_STRICT_OBJC_MSGSEND = YES;
				ENABLE_TESTABILITY = YES;
				GCC_C_LANGUAGE_STANDARD = gnu11;
				GCC_DYNAMIC_NO_PIC = NO;
				GCC_NO_COMMON_BLOCKS = YES;
				GCC_OPTIMIZATION_LEVEL = 0;
				GCC_PREPROCESSOR_DEFINITIONS = (
					"DEBUG=1",
					"$(inherited)",
				);
				GCC_WARN_64_TO_32_BIT_CONVERSION = YES;
				GCC_WARN_ABOUT_RETURN_TYPE = YES_ERROR;
				GCC_WARN_UNDECLARED_SELECTOR = YES;
				GCC_WARN_UNINITIALIZED_AUTOS = YES_AGGRESSIVE;
				GCC_WARN_UNUSED_FUNCTION = YES;
				GCC_WARN_UNUSED_VARIABLE = YES;
				IPHONEOS_DEPLOYMENT_TARGET = 16.0;
				MTL_ENABLE_DEBUG_INFO = INCLUDE_SOURCE;
				MTL_FAST_MATH = YES;
				ONLY_ACTIVE_ARCH = YES;
				SDKROOT = iphoneos;
				SWIFT_ACTIVE_COMPILATION_CONDITIONS = DEBUG;
				SWIFT_OPTIMIZATION_LEVEL = "-Onone";
			};
			name = Debug;
		};
		7B75A27E2A9F9DF700CFD689 /* Release */ = {
			isa = XCBuildConfiguration;
			buildSettings = {
				ALWAYS_SEARCH_USER_PATHS = NO;
				CLANG_ANALYZER_NONNULL = YES;
				CLANG_ANALYZER_NUMBER_OBJECT_CONVERSION = YES_AGGRESSIVE;
				CLANG_CXX_LANGUAGE_STANDARD = "gnu++20";
				CLANG_ENABLE_MODULES = YES;
				CLANG_ENABLE_OBJC_ARC = YES;
				CLANG_ENABLE_OBJC_WEAK = YES;
				CLANG_WARN_BLOCK_CAPTURE_AUTORELEASING = YES;
				CLANG_WARN_BOOL_CONVERSION = YES;
				CLANG_WARN_COMMA = YES;
				CLANG_WARN_CONSTANT_CONVERSION = YES;
				CLANG_WARN_DEPRECATED_OBJC_IMPLEMENTATIONS = YES;
				CLANG_WARN_DIRECT_OBJC_ISA_USAGE = YES_ERROR;
				CLANG_WARN_DOCUMENTATION_COMMENTS = YES;
				CLANG_WARN_EMPTY_BODY = YES;
				CLANG_WARN_ENUM_CONVERSION = YES;
				CLANG_WARN_INFINITE_RECURSION = YES;
				CLANG_WARN_INT_CONVERSION = YES;
				CLANG_WARN_NON_LITERAL_NULL_CONVERSION = YES;
				CLANG_WARN_OBJC_IMPLICIT_RETAIN_SELF = YES;
				CLANG_WARN_OBJC_LITERAL_CONVERSION = YES;
				CLANG_WARN_OBJC_ROOT_CLASS = YES_ERROR;
				CLANG_WARN_QUOTED_INCLUDE_IN_FRAMEWORK_HEADER = YES;
				CLANG_WARN_RANGE_LOOP_ANALYSIS = YES;
				CLANG_WARN_STRICT_PROTOTYPES = YES;
				CLANG_WARN_SUSPICIOUS_MOVE = YES;
				CLANG_WARN_UNGUARDED_AVAILABILITY = YES_AGGRESSIVE;
				CLANG_WARN_UNREACHABLE_CODE = YES;
				CLANG_WARN__DUPLICATE_METHOD_MATCH = YES;
				COPY_PHASE_STRIP = NO;
				DEBUG_INFORMATION_FORMAT = "dwarf-with-dsym";
				ENABLE_NS_ASSERTIONS = NO;
				ENABLE_STRICT_OBJC_MSGSEND = YES;
				GCC_C_LANGUAGE_STANDARD = gnu11;
				GCC_NO_COMMON_BLOCKS = YES;
				GCC_WARN_64_TO_32_BIT_CONVERSION = YES;
				GCC_WARN_ABOUT_RETURN_TYPE = YES_ERROR;
				GCC_WARN_UNDECLARED_SELECTOR = YES;
				GCC_WARN_UNINITIALIZED_AUTOS = YES_AGGRESSIVE;
				GCC_WARN_UNUSED_FUNCTION = YES;
				GCC_WARN_UNUSED_VARIABLE = YES;
				IPHONEOS_DEPLOYMENT_TARGET = 16.0;
				MTL_ENABLE_DEBUG_INFO = NO;
				MTL_FAST_MATH = YES;
				SDKROOT = iphoneos;
				SWIFT_COMPILATION_MODE = wholemodule;
				SWIFT_OPTIMIZATION_LEVEL = "-O";
				VALIDATE_PRODUCT = YES;
			};
			name = Release;
		};
		7B75A2802A9F9DF700CFD689 /* Debug */ = {
			isa = XCBuildConfiguration;
			buildSettings = {
				ASSETCATALOG_COMPILER_APPICON_NAME = AppIcon;
				ASSETCATALOG_COMPILER_GLOBAL_ACCENT_COLOR_NAME = AccentColor;
				CODE_SIGN_STYLE = Automatic;
				CURRENT_PROJECT_VERSION = 1;
				DEVELOPMENT_ASSET_PATHS = "\"task2_app/Preview Content\"";
				DEVELOPMENT_TEAM = KTK732WRHB;
				ENABLE_PREVIEWS = YES;
				GENERATE_INFOPLIST_FILE = YES;
				INFOPLIST_FILE = "task2-app-Info.plist";
				INFOPLIST_KEY_UIApplicationSceneManifest_Generation = YES;
				INFOPLIST_KEY_UIApplicationSupportsIndirectInputEvents = YES;
				INFOPLIST_KEY_UILaunchScreen_Generation = YES;
				INFOPLIST_KEY_UISupportedInterfaceOrientations_iPad = "UIInterfaceOrientationPortrait UIInterfaceOrientationPortraitUpsideDown UIInterfaceOrientationLandscapeLeft UIInterfaceOrientationLandscapeRight";
				INFOPLIST_KEY_UISupportedInterfaceOrientations_iPhone = "UIInterfaceOrientationPortrait UIInterfaceOrientationLandscapeLeft UIInterfaceOrientationLandscapeRight";
				LD_RUNPATH_SEARCH_PATHS = (
					"$(inherited)",
					"@executable_path/Frameworks",
				);
				MARKETING_VERSION = 1.0;
				PRODUCT_BUNDLE_IDENTIFIER = "com.allymationes.task2-app";
				PRODUCT_NAME = "$(TARGET_NAME)";
				SWIFT_EMIT_LOC_STRINGS = YES;
				SWIFT_VERSION = 5.0;
				TARGETED_DEVICE_FAMILY = "1,2";
			};
			name = Debug;
		};
		7B75A2812A9F9DF700CFD689 /* Release */ = {
			isa = XCBuildConfiguration;
			buildSettings = {
				ASSETCATALOG_COMPILER_APPICON_NAME = AppIcon;
				ASSETCATALOG_COMPILER_GLOBAL_ACCENT_COLOR_NAME = AccentColor;
				CODE_SIGN_STYLE = Automatic;
				CURRENT_PROJECT_VERSION = 1;
				DEVELOPMENT_ASSET_PATHS = "\"task2_app/Preview Content\"";
				DEVELOPMENT_TEAM = KTK732WRHB;
				ENABLE_PREVIEWS = YES;
				GENERATE_INFOPLIST_FILE = YES;
				INFOPLIST_FILE = "task2-app-Info.plist";
				INFOPLIST_KEY_UIApplicationSceneManifest_Generation = YES;
				INFOPLIST_KEY_UIApplicationSupportsIndirectInputEvents = YES;
				INFOPLIST_KEY_UILaunchScreen_Generation = YES;
				INFOPLIST_KEY_UISupportedInterfaceOrientations_iPad = "UIInterfaceOrientationPortrait UIInterfaceOrientationPortraitUpsideDown UIInterfaceOrientationLandscapeLeft UIInterfaceOrientationLandscapeRight";
				INFOPLIST_KEY_UISupportedInterfaceOrientations_iPhone = "UIInterfaceOrientationPortrait UIInterfaceOrientationLandscapeLeft UIInterfaceOrientationLandscapeRight";
				LD_RUNPATH_SEARCH_PATHS = (
					"$(inherited)",
					"@executable_path/Frameworks",
				);
				MARKETING_VERSION = 1.0;
				PRODUCT_BUNDLE_IDENTIFIER = "com.allymationes.task2-app";
				PRODUCT_NAME = "$(TARGET_NAME)";
				SWIFT_EMIT_LOC_STRINGS = YES;
				SWIFT_VERSION = 5.0;
				TARGETED_DEVICE_FAMILY = "1,2";
			};
			name = Release;
		};
/* End XCBuildConfiguration section */

/* Begin XCConfigurationList section */
		7B75A26C2A9F9DF500CFD689 /* Build configuration list for PBXProject "task2_app" */ = {
			isa = XCConfigurationList;
			buildConfigurations = (
				7B75A27D2A9F9DF700CFD689 /* Debug */,
				7B75A27E2A9F9DF700CFD689 /* Release */,
			);
			defaultConfigurationIsVisible = 0;
			defaultConfigurationName = Release;
		};
		7B75A27F2A9F9DF700CFD689 /* Build configuration list for PBXNativeTarget "task2_app" */ = {
			isa = XCConfigurationList;
			buildConfigurations = (
				7B75A2802A9F9DF700CFD689 /* Debug */,
				7B75A2812A9F9DF700CFD689 /* Release */,
			);
			defaultConfigurationIsVisible = 0;
			defaultConfigurationName = Release;
		};
/* End XCConfigurationList section */
	};
	rootObject = 7B75A2692A9F9DF500CFD689 /* Project object */;
}
